
Microsoft Visual Studio Solution File, Format Version 12.00
# Visual Studio Version 16
VisualStudioVersion = 16.0.31624.102
MinimumVisualStudioVersion = 10.0.40219.1
Project("{FAE04EC0-301F-11D3-BF4B-00C04F79EFBC}") = "connecting_dbms", "connecting_dbms.csproj", "{F342C8AA-1C02-4FC1-8E1A-4008E9216AA5}"
EndProject
Global
	GlobalSection(SolutionConfigurationPlatforms) = preSolution
		Debug|Any CPU = Debug|Any CPU
		Release|Any CPU = Release|Any CPU
	EndGlobalSection
	GlobalSection(ProjectConfigurationPlatforms) = postSolution
		{F342C8AA-1C02-4FC1-8E1A-4008E9216AA5}.Debug|Any CPU.ActiveCfg = Debug|Any CPU
		{F342C8AA-1C02-4FC1-8E1A-4008E9216AA5}.Debug|Any CPU.Build.0 = Debug|Any CPU
		{F342C8AA-1C02-4FC1-8E1A-4008E9216AA5}.Release|Any CPU.ActiveCfg = Release|Any CPU
		{F342C8AA-1C02-4FC1-8E1A-4008E9216AA5}.Release|Any CPU.Build.0 = Release|Any CPU
	EndGlobalSection
	GlobalSection(SolutionProperties) = preSolution
		HideSolutionNode = FALSE
	EndGlobalSection
	GlobalSection(ExtensibilityGlobals) = postSolution
		SolutionGuid = {0A1F093D-2AA5-44F5-BF68-5F80A4F9538D}
	EndGlobalSection
EndGlobal
